
Microsoft Visual Studio Solution File, Format Version 12.00
# Visual Studio Version 17
VisualStudioVersion = 17.1.31911.260
MinimumVisualStudioVersion = 10.0.40219.1
Project("{9A19103F-16F7-4668-BE54-9A1E7A4F7556}") = "Fga.Net", "src\Fga.Net\Fga.Net.csproj", "{FFEC7554-C5AF-4B8D-B697-36A0CF9828A9}"
EndProject
Project("{9A19103F-16F7-4668-BE54-9A1E7A4F7556}") = "Fga.Net.AspNetCore", "src\Fga.Net.AspNetCore\Fga.Net.AspNetCore.csproj", "{D346482C-1C65-4122-8809-D1EF34140112}"
EndProject
Project("{9A19103F-16F7-4668-BE54-9A1E7A4F7556}") = "Fga.Example.AspNetCore", "samples\Fga.Example.AspNetCore\Fga.Example.AspNetCore.csproj", "{DB891535-88D2-4D33-B1C8-5A22873AD8E3}"
EndProject
Project("{9A19103F-16F7-4668-BE54-9A1E7A4F7556}") = "Fga.Example.Standalone", "samples\Fga.Example.Standalone\Fga.Example.Standalone.csproj", "{A1860744-0B7F-45DE-AC6C-C0B57D69FCB2}"
EndProject
Project("{9A19103F-16F7-4668-BE54-9A1E7A4F7556}") = "_build", "build\_build.csproj", "{7C318096-13A3-4788-98AC-123904C78379}"
EndProject
Project("{2150E333-8FDC-42A3-9474-1A3956D46DE8}") = "Solution Items", "Solution Items", "{0D3E546F-C2BC-458C-9B8A-D76FEE41A5F7}"
	ProjectSection(SolutionItems) = preProject
		Package.Build.props = Package.Build.props
	EndProjectSection
EndProject
Project("{FAE04EC0-301F-11D3-BF4B-00C04F79EFBC}") = "Fga.Net.Tests", "tests\Fga.Net.Tests\Fga.Net.Tests.csproj", "{C3849ACA-38F3-41D4-8DD5-0726506BE02B}"
EndProject
Global
	GlobalSection(SolutionConfigurationPlatforms) = preSolution
		Debug|Any CPU = Debug|Any CPU
		Release|Any CPU = Release|Any CPU
	EndGlobalSection
	GlobalSection(ProjectConfigurationPlatforms) = postSolution
		{FFEC7554-C5AF-4B8D-B697-36A0CF9828A9}.Debug|Any CPU.ActiveCfg = Debug|Any CPU
		{FFEC7554-C5AF-4B8D-B697-36A0CF9828A9}.Debug|Any CPU.Build.0 = Debug|Any CPU
		{FFEC7554-C5AF-4B8D-B697-36A0CF9828A9}.Release|Any CPU.ActiveCfg = Release|Any CPU
		{FFEC7554-C5AF-4B8D-B697-36A0CF9828A9}.Release|Any CPU.Build.0 = Release|Any CPU
		{D346482C-1C65-4122-8809-D1EF34140112}.Debug|Any CPU.ActiveCfg = Debug|Any CPU
		{D346482C-1C65-4122-8809-D1EF34140112}.Debug|Any CPU.Build.0 = Debug|Any CPU
		{D346482C-1C65-4122-8809-D1EF34140112}.Release|Any CPU.ActiveCfg = Release|Any CPU
		{D346482C-1C65-4122-8809-D1EF34140112}.Release|Any CPU.Build.0 = Release|Any CPU
		{DB891535-88D2-4D33-B1C8-5A22873AD8E3}.Debug|Any CPU.ActiveCfg = Debug|Any CPU
		{DB891535-88D2-4D33-B1C8-5A22873AD8E3}.Debug|Any CPU.Build.0 = Debug|Any CPU
		{DB891535-88D2-4D33-B1C8-5A22873AD8E3}.Release|Any CPU.ActiveCfg = Release|Any CPU
		{DB891535-88D2-4D33-B1C8-5A22873AD8E3}.Release|Any CPU.Build.0 = Release|Any CPU
		{A1860744-0B7F-45DE-AC6C-C0B57D69FCB2}.Debug|Any CPU.ActiveCfg = Debug|Any CPU
		{A1860744-0B7F-45DE-AC6C-C0B57D69FCB2}.Debug|Any CPU.Build.0 = Debug|Any CPU
		{A1860744-0B7F-45DE-AC6C-C0B57D69FCB2}.Release|Any CPU.ActiveCfg = Release|Any CPU
		{A1860744-0B7F-45DE-AC6C-C0B57D69FCB2}.Release|Any CPU.Build.0 = Release|Any CPU
		{7C318096-13A3-4788-98AC-123904C78379}.Debug|Any CPU.ActiveCfg = Debug|Any CPU
		{7C318096-13A3-4788-98AC-123904C78379}.Release|Any CPU.ActiveCfg = Release|Any CPU
		{C3849ACA-38F3-41D4-8DD5-0726506BE02B}.Debug|Any CPU.ActiveCfg = Debug|Any CPU
		{C3849ACA-38F3-41D4-8DD5-0726506BE02B}.Debug|Any CPU.Build.0 = Debug|Any CPU
		{C3849ACA-38F3-41D4-8DD5-0726506BE02B}.Release|Any CPU.ActiveCfg = Release|Any CPU
		{C3849ACA-38F3-41D4-8DD5-0726506BE02B}.Release|Any CPU.Build.0 = Release|Any CPU
	EndGlobalSection
	GlobalSection(SolutionProperties) = preSolution
		HideSolutionNode = FALSE
	EndGlobalSection
	GlobalSection(ExtensibilityGlobals) = postSolution
		SolutionGuid = {EC299FBC-3AAB-4DB3-902F-8F56D6237E12}
	EndGlobalSection
EndGlobal
