
Microsoft Visual Studio Solution File, Format Version 12.00
# Visual Studio Version 17
VisualStudioVersion = 17.1.31911.260
MinimumVisualStudioVersion = 10.0.40219.1
Project("{9A19103F-16F7-4668-BE54-9A1E7A4F7556}") = "Sandcastle", "src\Sandcastle\Sandcastle.csproj", "{FFEC7554-C5AF-4B8D-B697-36A0CF9828A9}"
EndProject
Project("{FAE04EC0-301F-11D3-BF4B-00C04F79EFBC}") = "Sandcastle.AspNetCore", "src\Sandcastle.AspNetCore\Sandcastle.AspNetCore.csproj", "{D346482C-1C65-4122-8809-D1EF34140112}"
EndProject
Global
	GlobalSection(SolutionConfigurationPlatforms) = preSolution
		Debug|Any CPU = Debug|Any CPU
		Release|Any CPU = Release|Any CPU
	EndGlobalSection
	GlobalSection(ProjectConfigurationPlatforms) = postSolution
		{FFEC7554-C5AF-4B8D-B697-36A0CF9828A9}.Debug|Any CPU.ActiveCfg = Debug|Any CPU
		{FFEC7554-C5AF-4B8D-B697-36A0CF9828A9}.Debug|Any CPU.Build.0 = Debug|Any CPU
		{FFEC7554-C5AF-4B8D-B697-36A0CF9828A9}.Release|Any CPU.ActiveCfg = Release|Any CPU
		{FFEC7554-C5AF-4B8D-B697-36A0CF9828A9}.Release|Any CPU.Build.0 = Release|Any CPU
		{D346482C-1C65-4122-8809-D1EF34140112}.Debug|Any CPU.ActiveCfg = Debug|Any CPU
		{D346482C-1C65-4122-8809-D1EF34140112}.Debug|Any CPU.Build.0 = Debug|Any CPU
		{D346482C-1C65-4122-8809-D1EF34140112}.Release|Any CPU.ActiveCfg = Release|Any CPU
		{D346482C-1C65-4122-8809-D1EF34140112}.Release|Any CPU.Build.0 = Release|Any CPU
	EndGlobalSection
	GlobalSection(SolutionProperties) = preSolution
		HideSolutionNode = FALSE
	EndGlobalSection
	GlobalSection(ExtensibilityGlobals) = postSolution
		SolutionGuid = {EC299FBC-3AAB-4DB3-902F-8F56D6237E12}
	EndGlobalSection
EndGlobal
